PODS:
  - TesseractOCRiOS (4.0.0)

DEPENDENCIES:
  - TesseractOCRiOS

SPEC REPOS:
  https://github.com/cocoapods/specs.git:
    - TesseractOCRiOS

SPEC CHECKSUMS:
  TesseractOCRiOS: 90638afbe43d082433f2e76b384c7901d23956df

PODFILE CHECKSUM: 4936da28cc48e2c2b89de93edb5f5b71b58346e8

COCOAPODS: 1.6.1
